
Microsoft Visual Studio Solution File, Format Version 12.00
# Visual Studio Version 17
VisualStudioVersion = 17.6.33829.357
MinimumVisualStudioVersion = 10.0.40219.1
Project("{FAE04EC0-301F-11D3-BF4B-00C04F79EFBC}") = "HangManV01", "HangManV01\HangManV01.csproj", "{32BEB201-9382-46ED-AA88-D486C6151822}"
EndProject
Global
	GlobalSection(SolutionConfigurationPlatforms) = preSolution
		Debug|Any CPU = Debug|Any CPU
		Release|Any CPU = Release|Any CPU
	EndGlobalSection
	GlobalSection(ProjectConfigurationPlatforms) = postSolution
		{32BEB201-9382-46ED-AA88-D486C6151822}.Debug|Any CPU.ActiveCfg = Debug|Any CPU
		{32BEB201-9382-46ED-AA88-D486C6151822}.Debug|Any CPU.Build.0 = Debug|Any CPU
		{32BEB201-9382-46ED-AA88-D486C6151822}.Release|Any CPU.ActiveCfg = Release|Any CPU
		{32BEB201-9382-46ED-AA88-D486C6151822}.Release|Any CPU.Build.0 = Release|Any CPU
	EndGlobalSection
	GlobalSection(SolutionProperties) = preSolution
		HideSolutionNode = FALSE
	EndGlobalSection
	GlobalSection(ExtensibilityGlobals) = postSolution
		SolutionGuid = {BA4C26DB-BFEE-4FCA-9663-9FD1D24C06BF}
	EndGlobalSection
EndGlobal
